{
  "lockfileVersion": 1,
  "configVersion": 1,
  "workspaces": {
    "": {
      "name": "@flow-narrator/agents",
      "dependencies": {
        "@json-render/core": "latest",
      },
    },
  },
  "packages": {
    "@json-render/core": ["@json-render/core@0.11.0", "", { "dependencies": { "zod": "^4.3.6" } }, "sha512-gktZDcWsQjE5Nmet0zxwl51QXgDF2s3oVOI42Hho3Q2OWPpODlsas6p0ePi1SzIlaQLONvqDLa4PHPt/DWOh/Q=="],

    "zod": ["zod@4.3.6", "", {}, "sha512-rftlrkhHZOcjDwkGlnUtZZkvaPHCsDATp4pGpuOOMDaTdDDXF91wuVDJoWoPsKX/3YPQ5fHuF3STjcYyKr+Qhg=="],
  }
}
